// !$*UTF8*$!
{
	archiveVersion = 1;
	classes = {
	};
	objectVersion = 46;
	objects = {

/* Begin PBXCopyFilesBuildPhase section */
		58B511D91A9E6C8500147676 /* CopyFiles */ = {
			isa = PBXCopyFilesBuildPhase;
			buildActionMask = 2147483647;
			dstPath = "include/$(PRODUCT_NAME)";
			dstSubfolderSpec = 16;
			files = (
			);
			runOnlyForDeploymentPostprocessing = 0;
		};
/* End PBXCopyFilesBuildPhase section */

/* Begin PBXFileReference section */
		134814201AA4EA6300B7C361 /* libCodeFly.a */ = {isa = PBXFileReference; explicitFileType = archive.ar; includeInIndex = 0; path = libCodeFly.a; sourceTree = BUILT_PRODUCTS_DIR; };
		6060238D2615BBC400A76B03 /* CodeFlyErrorUtils.m */ = {isa = PBXFileReference; lastKnownFileType = sourcecode.c.objc; path = CodeFlyErrorUtils.m; sourceTree = "<group>"; };
		6060238E2615BBC400A76B03 /* CodeFlyPackage.m */ = {isa = PBXFileReference; lastKnownFileType = sourcecode.c.objc; path = CodeFlyPackage.m; sourceTree = "<group>"; };
		6060238F2615BBC400A76B03 /* CodeFlyUpdateUtils.m */ = {isa = PBXFileReference; lastKnownFileType = sourcecode.c.objc; path = CodeFlyUpdateUtils.m; sourceTree = "<group>"; };
		606023902615BBC400A76B03 /* CodeFly.h */ = {isa = PBXFileReference; lastKnownFileType = sourcecode.c.h; path = CodeFly.h; sourceTree = "<group>"; };
		606023912615BBC400A76B03 /* CodeFlyTelemetryManager.m */ = {isa = PBXFileReference; lastKnownFileType = sourcecode.c.objc; path = CodeFlyTelemetryManager.m; sourceTree = "<group>"; };
		606023942615BBC400A76B03 /* MF_Base64Additions.h */ = {isa = PBXFileReference; lastKnownFileType = sourcecode.c.h; path = MF_Base64Additions.h; sourceTree = "<group>"; };
		606023952615BBC400A76B03 /* MF_Base64Additions.m */ = {isa = PBXFileReference; lastKnownFileType = sourcecode.c.objc; path = MF_Base64Additions.m; sourceTree = "<group>"; };
		606023962615BBC400A76B03 /* README.md */ = {isa = PBXFileReference; lastKnownFileType = net.daringfireball.markdown; path = README.md; sourceTree = "<group>"; };
		606023972615BBC400A76B03 /* CodeFlyUtils.m */ = {isa = PBXFileReference; lastKnownFileType = sourcecode.c.objc; path = CodeFlyUtils.m; sourceTree = "<group>"; };
		606023982615BBC400A76B03 /* RCTConvert+CodeFlyInstallMode.m */ = {isa = PBXFileReference; lastKnownFileType = sourcecode.c.objc; path = "RCTConvert+CodeFlyInstallMode.m"; sourceTree = "<group>"; };
		606023992615BBC400A76B03 /* CodeFlyDownloadHandler.m */ = {isa = PBXFileReference; lastKnownFileType = sourcecode.c.objc; path = CodeFlyDownloadHandler.m; sourceTree = "<group>"; };
		6060239A2615BBC400A76B03 /* CodeFly.m */ = {isa = PBXFileReference; lastKnownFileType = sourcecode.c.objc; path = CodeFly.m; sourceTree = "<group>"; };
		6060239B2615BBC400A76B03 /* CodeFlyConfig.m */ = {isa = PBXFileReference; lastKnownFileType = sourcecode.c.objc; path = CodeFlyConfig.m; sourceTree = "<group>"; };
		6060239C2615BBC400A76B03 /* RCTConvert+CodeFlyUpdateState.m */ = {isa = PBXFileReference; lastKnownFileType = sourcecode.c.objc; path = "RCTConvert+CodeFlyUpdateState.m"; sourceTree = "<group>"; };
		6060239F2615BBC400A76B03 /* unzip.c */ = {isa = PBXFileReference; lastKnownFileType = sourcecode.c.c; path = unzip.c; sourceTree = "<group>"; };
		606023A02615BBC400A76B03 /* zip.c */ = {isa = PBXFileReference; lastKnownFileType = sourcecode.c.c; path = zip.c; sourceTree = "<group>"; };
		606023A12615BBC400A76B03 /* ioapi.c */ = {isa = PBXFileReference; lastKnownFileType = sourcecode.c.c; path = ioapi.c; sourceTree = "<group>"; };
		606023A22615BBC400A76B03 /* mztools.c */ = {isa = PBXFileReference; lastKnownFileType = sourcecode.c.c; path = mztools.c; sourceTree = "<group>"; };
		606023A32615BBC400A76B03 /* crypt.h */ = {isa = PBXFileReference; lastKnownFileType = sourcecode.c.h; path = crypt.h; sourceTree = "<group>"; };
		606023A42615BBC400A76B03 /* zip.h */ = {isa = PBXFileReference; lastKnownFileType = sourcecode.c.h; path = zip.h; sourceTree = "<group>"; };
		606023A52615BBC400A76B03 /* unzip.h */ = {isa = PBXFileReference; lastKnownFileType = sourcecode.c.h; path = unzip.h; sourceTree = "<group>"; };
		606023A62615BBC400A76B03 /* mztools.h */ = {isa = PBXFileReference; lastKnownFileType = sourcecode.c.h; path = mztools.h; sourceTree = "<group>"; };
		606023A72615BBC400A76B03 /* ioapi.h */ = {isa = PBXFileReference; lastKnownFileType = sourcecode.c.h; path = ioapi.h; sourceTree = "<group>"; };
		606023A82615BBC400A76B03 /* SSZipArchive.h */ = {isa = PBXFileReference; lastKnownFileType = sourcecode.c.h; path = SSZipArchive.h; sourceTree = "<group>"; };
		606023A92615BBC400A76B03 /* README.md */ = {isa = PBXFileReference; lastKnownFileType = net.daringfireball.markdown; path = README.md; sourceTree = "<group>"; };
		606023AA2615BBC400A76B03 /* Common.h */ = {isa = PBXFileReference; lastKnownFileType = sourcecode.c.h; path = Common.h; sourceTree = "<group>"; };
		606023AB2615BBC400A76B03 /* SSZipArchive.m */ = {isa = PBXFileReference; lastKnownFileType = sourcecode.c.objc; path = SSZipArchive.m; sourceTree = "<group>"; };
		606023AD2615BBC400A76B03 /* prng.h */ = {isa = PBXFileReference; lastKnownFileType = sourcecode.c.h; path = prng.h; sourceTree = "<group>"; };
		606023AE2615BBC400A76B03 /* aeskey.c */ = {isa = PBXFileReference; lastKnownFileType = sourcecode.c.c; path = aeskey.c; sourceTree = "<group>"; };
		606023AF2615BBC400A76B03 /* hmac.c */ = {isa = PBXFileReference; lastKnownFileType = sourcecode.c.c; path = hmac.c; sourceTree = "<group>"; };
		606023B02615BBC400A76B03 /* aestab.h */ = {isa = PBXFileReference; lastKnownFileType = sourcecode.c.h; path = aestab.h; sourceTree = "<group>"; };
		606023B12615BBC400A76B03 /* pwd2key.h */ = {isa = PBXFileReference; lastKnownFileType = sourcecode.c.h; path = pwd2key.h; sourceTree = "<group>"; };
		606023B22615BBC400A76B03 /* aescrypt.c */ = {isa = PBXFileReference; lastKnownFileType = sourcecode.c.c; path = aescrypt.c; sourceTree = "<group>"; };
		606023B32615BBC400A76B03 /* fileenc.c */ = {isa = PBXFileReference; lastKnownFileType = sourcecode.c.c; path = fileenc.c; sourceTree = "<group>"; };
		606023B42615BBC400A76B03 /* aesopt.h */ = {isa = PBXFileReference; lastKnownFileType = sourcecode.c.h; path = aesopt.h; sourceTree = "<group>"; };
		606023B52615BBC400A76B03 /* aes_via_ace.h */ = {isa = PBXFileReference; lastKnownFileType = sourcecode.c.h; path = aes_via_ace.h; sourceTree = "<group>"; };
		606023B62615BBC400A76B03 /* sha1.c */ = {isa = PBXFileReference; lastKnownFileType = sourcecode.c.c; path = sha1.c; sourceTree = "<group>"; };
		606023B72615BBC400A76B03 /* brg_types.h */ = {isa = PBXFileReference; lastKnownFileType = sourcecode.c.h; path = brg_types.h; sourceTree = "<group>"; };
		606023B82615BBC400A76B03 /* entropy.h */ = {isa = PBXFileReference; lastKnownFileType = sourcecode.c.h; path = entropy.h; sourceTree = "<group>"; };
		606023B92615BBC400A76B03 /* hmac.h */ = {isa = PBXFileReference; lastKnownFileType = sourcecode.c.h; path = hmac.h; sourceTree = "<group>"; };
		606023BA2615BBC400A76B03 /* brg_endian.h */ = {isa = PBXFileReference; lastKnownFileType = sourcecode.c.h; path = brg_endian.h; sourceTree = "<group>"; };
		606023BB2615BBC400A76B03 /* prng.c */ = {isa = PBXFileReference; lastKnownFileType = sourcecode.c.c; path = prng.c; sourceTree = "<group>"; };
		606023BC2615BBC400A76B03 /* aes.h */ = {isa = PBXFileReference; lastKnownFileType = sourcecode.c.h; path = aes.h; sourceTree = "<group>"; };
		606023BD2615BBC400A76B03 /* pwd2key.c */ = {isa = PBXFileReference; lastKnownFileType = sourcecode.c.c; path = pwd2key.c; sourceTree = "<group>"; };
		606023BE2615BBC500A76B03 /* aestab.c */ = {isa = PBXFileReference; lastKnownFileType = sourcecode.c.c; path = aestab.c; sourceTree = "<group>"; };
		606023BF2615BBC500A76B03 /* sha1.h */ = {isa = PBXFileReference; lastKnownFileType = sourcecode.c.h; path = sha1.h; sourceTree = "<group>"; };
		606023C02615BBC500A76B03 /* fileenc.h */ = {isa = PBXFileReference; lastKnownFileType = sourcecode.c.h; path = fileenc.h; sourceTree = "<group>"; };
		606023C12615BBC500A76B03 /* entropy.c */ = {isa = PBXFileReference; lastKnownFileType = sourcecode.c.c; path = entropy.c; sourceTree = "<group>"; };
/* End PBXFileReference section */

/* Begin PBXFrameworksBuildPhase section */
		58B511D81A9E6C8500147676 /* Frameworks */ = {
			isa = PBXFrameworksBuildPhase;
			buildActionMask = 2147483647;
			files = (
			);
			runOnlyForDeploymentPostprocessing = 0;
		};
/* End PBXFrameworksBuildPhase section */

/* Begin PBXGroup section */
		134814211AA4EA7D00B7C361 /* Products */ = {
			isa = PBXGroup;
			children = (
				134814201AA4EA6300B7C361 /* libCodeFly.a */,
			);
			name = Products;
			sourceTree = "<group>";
		};
		58B511D21A9E6C8500147676 = {
			isa = PBXGroup;
			children = (
				6060234E2615BBC400A76B03 /* CodeFly */,
				134814211AA4EA7D00B7C361 /* Products */,
			);
			sourceTree = "<group>";
		};
		6060234E2615BBC400A76B03 /* CodeFly */ = {
			isa = PBXGroup;
			children = (
				606023922615BBC400A76B03 /* Base64 */,
				606023902615BBC400A76B03 /* CodeFly.h */,
				6060239A2615BBC400A76B03 /* CodeFly.m */,
				6060239B2615BBC400A76B03 /* CodeFlyConfig.m */,
				606023992615BBC400A76B03 /* CodeFlyDownloadHandler.m */,
				6060238D2615BBC400A76B03 /* CodeFlyErrorUtils.m */,
				6060238E2615BBC400A76B03 /* CodeFlyPackage.m */,
				606023912615BBC400A76B03 /* CodeFlyTelemetryManager.m */,
				6060238F2615BBC400A76B03 /* CodeFlyUpdateUtils.m */,
				606023972615BBC400A76B03 /* CodeFlyUtils.m */,
				606023982615BBC400A76B03 /* RCTConvert+CodeFlyInstallMode.m */,
				6060239C2615BBC400A76B03 /* RCTConvert+CodeFlyUpdateState.m */,
				6060239D2615BBC400A76B03 /* SSZipArchive */,
			);
			path = CodeFly;
			sourceTree = "<group>";
		};
		606023922615BBC400A76B03 /* Base64 */ = {
			isa = PBXGroup;
			children = (
				606023932615BBC400A76B03 /* Base64 */,
				606023962615BBC400A76B03 /* README.md */,
			);
			path = Base64;
			sourceTree = "<group>";
		};
		606023932615BBC400A76B03 /* Base64 */ = {
			isa = PBXGroup;
			children = (
				606023942615BBC400A76B03 /* MF_Base64Additions.h */,
				606023952615BBC400A76B03 /* MF_Base64Additions.m */,
			);
			path = Base64;
			sourceTree = "<group>";
		};
		6060239D2615BBC400A76B03 /* SSZipArchive */ = {
			isa = PBXGroup;
			children = (
				6060239E2615BBC400A76B03 /* minizip */,
				606023A82615BBC400A76B03 /* SSZipArchive.h */,
				606023A92615BBC400A76B03 /* README.md */,
				606023AA2615BBC400A76B03 /* Common.h */,
				606023AB2615BBC400A76B03 /* SSZipArchive.m */,
				606023AC2615BBC400A76B03 /* aes */,
			);
			path = SSZipArchive;
			sourceTree = "<group>";
		};
		6060239E2615BBC400A76B03 /* minizip */ = {
			isa = PBXGroup;
			children = (
				6060239F2615BBC400A76B03 /* unzip.c */,
				606023A02615BBC400A76B03 /* zip.c */,
				606023A12615BBC400A76B03 /* ioapi.c */,
				606023A22615BBC400A76B03 /* mztools.c */,
				606023A32615BBC400A76B03 /* crypt.h */,
				606023A42615BBC400A76B03 /* zip.h */,
				606023A52615BBC400A76B03 /* unzip.h */,
				606023A62615BBC400A76B03 /* mztools.h */,
				606023A72615BBC400A76B03 /* ioapi.h */,
			);
			path = minizip;
			sourceTree = "<group>";
		};
		606023AC2615BBC400A76B03 /* aes */ = {
			isa = PBXGroup;
			children = (
				606023AD2615BBC400A76B03 /* prng.h */,
				606023AE2615BBC400A76B03 /* aeskey.c */,
				606023AF2615BBC400A76B03 /* hmac.c */,
				606023B02615BBC400A76B03 /* aestab.h */,
				606023B12615BBC400A76B03 /* pwd2key.h */,
				606023B22615BBC400A76B03 /* aescrypt.c */,
				606023B32615BBC400A76B03 /* fileenc.c */,
				606023B42615BBC400A76B03 /* aesopt.h */,
				606023B52615BBC400A76B03 /* aes_via_ace.h */,
				606023B62615BBC400A76B03 /* sha1.c */,
				606023B72615BBC400A76B03 /* brg_types.h */,
				606023B82615BBC400A76B03 /* entropy.h */,
				606023B92615BBC400A76B03 /* hmac.h */,
				606023BA2615BBC400A76B03 /* brg_endian.h */,
				606023BB2615BBC400A76B03 /* prng.c */,
				606023BC2615BBC400A76B03 /* aes.h */,
				606023BD2615BBC400A76B03 /* pwd2key.c */,
				606023BE2615BBC500A76B03 /* aestab.c */,
				606023BF2615BBC500A76B03 /* sha1.h */,
				606023C02615BBC500A76B03 /* fileenc.h */,
				606023C12615BBC500A76B03 /* entropy.c */,
			);
			path = aes;
			sourceTree = "<group>";
		};
/* End PBXGroup section */

/* Begin PBXNativeTarget section */
		58B511DA1A9E6C8500147676 /* CodeFly */ = {
			isa = PBXNativeTarget;
			buildConfigurationList = 58B511EF1A9E6C8500147676 /* Build configuration list for PBXNativeTarget "CodeFly" */;
			buildPhases = (
				58B511D71A9E6C8500147676 /* Sources */,
				58B511D81A9E6C8500147676 /* Frameworks */,
				58B511D91A9E6C8500147676 /* CopyFiles */,
			);
			buildRules = (
			);
			dependencies = (
			);
			name = CodeFly;
			productName = RCTDataManager;
			productReference = 134814201AA4EA6300B7C361 /* libCodeFly.a */;
			productType = "com.apple.product-type.library.static";
		};
/* End PBXNativeTarget section */

/* Begin PBXProject section */
		58B511D31A9E6C8500147676 /* Project object */ = {
			isa = PBXProject;
			attributes = {
				LastUpgradeCheck = 0920;
				ORGANIZATIONNAME = Facebook;
				TargetAttributes = {
					58B511DA1A9E6C8500147676 = {
						CreatedOnToolsVersion = 6.1.1;
					};
				};
			};
			buildConfigurationList = 58B511D61A9E6C8500147676 /* Build configuration list for PBXProject "CodeFly" */;
			compatibilityVersion = "Xcode 3.2";
			developmentRegion = English;
			hasScannedForEncodings = 0;
			knownRegions = (
				English,
				en,
			);
			mainGroup = 58B511D21A9E6C8500147676;
			productRefGroup = 58B511D21A9E6C8500147676;
			projectDirPath = "";
			projectRoot = "";
			targets = (
				58B511DA1A9E6C8500147676 /* CodeFly */,
			);
		};
/* End PBXProject section */

/* Begin PBXSourcesBuildPhase section */
		58B511D71A9E6C8500147676 /* Sources */ = {
			isa = PBXSourcesBuildPhase;
			buildActionMask = 2147483647;
			files = (
			);
			runOnlyForDeploymentPostprocessing = 0;
		};
/* End PBXSourcesBuildPhase section */

/* Begin XCBuildConfiguration section */
		58B511ED1A9E6C8500147676 /* Debug */ = {
			isa = XCBuildConfiguration;
			buildSettings = {
				ALWAYS_SEARCH_USER_PATHS = NO;
				CLANG_CXX_LANGUAGE_STANDARD = "gnu++0x";
				CLANG_CXX_LIBRARY = "libc++";
				CLANG_ENABLE_MODULES = YES;
				CLANG_ENABLE_OBJC_ARC = YES;
				CLANG_WARN_BLOCK_CAPTURE_AUTORELEASING = YES;
				CLANG_WARN_BOOL_CONVERSION = YES;
				CLANG_WARN_COMMA = YES;
				CLANG_WARN_CONSTANT_CONVERSION = YES;
				CLANG_WARN_DIRECT_OBJC_ISA_USAGE = YES_ERROR;
				CLANG_WARN_EMPTY_BODY = YES;
				CLANG_WARN_ENUM_CONVERSION = YES;
				CLANG_WARN_INFINITE_RECURSION = YES;
				CLANG_WARN_INT_CONVERSION = YES;
				CLANG_WARN_NON_LITERAL_NULL_CONVERSION = YES;
				CLANG_WARN_OBJC_LITERAL_CONVERSION = YES;
				CLANG_WARN_OBJC_ROOT_CLASS = YES_ERROR;
				CLANG_WARN_RANGE_LOOP_ANALYSIS = YES;
				CLANG_WARN_STRICT_PROTOTYPES = YES;
				CLANG_WARN_SUSPICIOUS_MOVE = YES;
				CLANG_WARN_UNREACHABLE_CODE = YES;
				CLANG_WARN__DUPLICATE_METHOD_MATCH = YES;
				COPY_PHASE_STRIP = NO;
				ENABLE_STRICT_OBJC_MSGSEND = YES;
				ENABLE_TESTABILITY = YES;
				GCC_C_LANGUAGE_STANDARD = gnu99;
				GCC_DYNAMIC_NO_PIC = NO;
				GCC_NO_COMMON_BLOCKS = YES;
				GCC_OPTIMIZATION_LEVEL = 0;
				GCC_PREPROCESSOR_DEFINITIONS = (
					"DEBUG=1",
					"$(inherited)",
				);
				GCC_SYMBOLS_PRIVATE_EXTERN = NO;
				GCC_WARN_64_TO_32_BIT_CONVERSION = YES;
				GCC_WARN_ABOUT_RETURN_TYPE = YES_ERROR;
				GCC_WARN_UNDECLARED_SELECTOR = YES;
				GCC_WARN_UNINITIALIZED_AUTOS = YES_AGGRESSIVE;
				GCC_WARN_UNUSED_FUNCTION = YES;
				GCC_WARN_UNUSED_VARIABLE = YES;
				IPHONEOS_DEPLOYMENT_TARGET = 8.0;
				MTL_ENABLE_DEBUG_INFO = YES;
				ONLY_ACTIVE_ARCH = YES;
				SDKROOT = iphoneos;
			};
			name = Debug;
		};
		58B511EE1A9E6C8500147676 /* Release */ = {
			isa = XCBuildConfiguration;
			buildSettings = {
				ALWAYS_SEARCH_USER_PATHS = NO;
				CLANG_CXX_LANGUAGE_STANDARD = "gnu++0x";
				CLANG_CXX_LIBRARY = "libc++";
				CLANG_ENABLE_MODULES = YES;
				CLANG_ENABLE_OBJC_ARC = YES;
				CLANG_WARN_BLOCK_CAPTURE_AUTORELEASING = YES;
				CLANG_WARN_BOOL_CONVERSION = YES;
				CLANG_WARN_COMMA = YES;
				CLANG_WARN_CONSTANT_CONVERSION = YES;
				CLANG_WARN_DIRECT_OBJC_ISA_USAGE = YES_ERROR;
				CLANG_WARN_EMPTY_BODY = YES;
				CLANG_WARN_ENUM_CONVERSION = YES;
				CLANG_WARN_INFINITE_RECURSION = YES;
				CLANG_WARN_INT_CONVERSION = YES;
				CLANG_WARN_NON_LITERAL_NULL_CONVERSION = YES;
				CLANG_WARN_OBJC_LITERAL_CONVERSION = YES;
				CLANG_WARN_OBJC_ROOT_CLASS = YES_ERROR;
				CLANG_WARN_RANGE_LOOP_ANALYSIS = YES;
				CLANG_WARN_STRICT_PROTOTYPES = YES;
				CLANG_WARN_SUSPICIOUS_MOVE = YES;
				CLANG_WARN_UNREACHABLE_CODE = YES;
				CLANG_WARN__DUPLICATE_METHOD_MATCH = YES;
				COPY_PHASE_STRIP = YES;
				ENABLE_NS_ASSERTIONS = NO;
				ENABLE_STRICT_OBJC_MSGSEND = YES;
				GCC_C_LANGUAGE_STANDARD = gnu99;
				GCC_NO_COMMON_BLOCKS = YES;
				GCC_WARN_64_TO_32_BIT_CONVERSION = YES;
				GCC_WARN_ABOUT_RETURN_TYPE = YES_ERROR;
				GCC_WARN_UNDECLARED_SELECTOR = YES;
				GCC_WARN_UNINITIALIZED_AUTOS = YES_AGGRESSIVE;
				GCC_WARN_UNUSED_FUNCTION = YES;
				GCC_WARN_UNUSED_VARIABLE = YES;
				IPHONEOS_DEPLOYMENT_TARGET = 8.0;
				MTL_ENABLE_DEBUG_INFO = NO;
				SDKROOT = iphoneos;
				VALIDATE_PRODUCT = YES;
			};
			name = Release;
		};
		58B511F01A9E6C8500147676 /* Debug */ = {
			isa = XCBuildConfiguration;
			buildSettings = {
				HEADER_SEARCH_PATHS = (
					"$(inherited)",
					/Applications/Xcode.app/Contents/Developer/Toolchains/XcodeDefault.xctoolchain/usr/include,
					"$(SRCROOT)/../../../React/**",
					"$(SRCROOT)/../../react-native/React/**",
				);
				LIBRARY_SEARCH_PATHS = "$(inherited)";
				OTHER_LDFLAGS = "-ObjC";
				PRODUCT_NAME = CodeFly;
				SKIP_INSTALL = YES;
				SWIFT_OBJC_BRIDGING_HEADER = "CodeFly-Bridging-Header.h";
				SWIFT_OPTIMIZATION_LEVEL = "-Onone";
				SWIFT_VERSION = 5.0;
			};
			name = Debug;
		};
		58B511F11A9E6C8500147676 /* Release */ = {
			isa = XCBuildConfiguration;
			buildSettings = {
				HEADER_SEARCH_PATHS = (
					"$(inherited)",
					/Applications/Xcode.app/Contents/Developer/Toolchains/XcodeDefault.xctoolchain/usr/include,
					"$(SRCROOT)/../../../React/**",
					"$(SRCROOT)/../../react-native/React/**",
				);
				LIBRARY_SEARCH_PATHS = "$(inherited)";
				OTHER_LDFLAGS = "-ObjC";
				PRODUCT_NAME = CodeFly;
				SKIP_INSTALL = YES;
				SWIFT_OBJC_BRIDGING_HEADER = "CodeFly-Bridging-Header.h";
				SWIFT_VERSION = 5.0;
			};
			name = Release;
		};
/* End XCBuildConfiguration section */

/* Begin XCConfigurationList section */
		58B511D61A9E6C8500147676 /* Build configuration list for PBXProject "CodeFly" */ = {
			isa = XCConfigurationList;
			buildConfigurations = (
				58B511ED1A9E6C8500147676 /* Debug */,
				58B511EE1A9E6C8500147676 /* Release */,
			);
			defaultConfigurationIsVisible = 0;
			defaultConfigurationName = Release;
		};
		58B511EF1A9E6C8500147676 /* Build configuration list for PBXNativeTarget "CodeFly" */ = {
			isa = XCConfigurationList;
			buildConfigurations = (
				58B511F01A9E6C8500147676 /* Debug */,
				58B511F11A9E6C8500147676 /* Release */,
			);
			defaultConfigurationIsVisible = 0;
			defaultConfigurationName = Release;
		};
/* End XCConfigurationList section */
	};
	rootObject = 58B511D31A9E6C8500147676 /* Project object */;
}
